<?xml version="1.0" encoding="utf-8"?>
<Project ToolsVersion="4.0" xmlns="http://schemas.microsoft.com/developer/msbuild/2003">
  <ItemGroup>
    <Filter Include="Source Files">
      <UniqueIdentifier>{4FC737F1-C7A5-4376-A066-2A32D752A2FF}</UniqueIdentifier>
      <Extensions>cpp;c;cc;cxx;def;odl;idl;hpj;bat;asm;asmx</Extensions>
    </Filter>
    <Filter Include="Header Files">
      <UniqueIdentifier>{93995380-89BD-4b04-88EB-625FBE52EBFB}</UniqueIdentifier>
      <Extensions>h;hh;hpp;hxx;hm;inl;inc;xsd</Extensions>
    </Filter>
    <Filter Include="Resource Files">
      <UniqueIdentifier>{67DA6AB6-F800-4c08-8B7A-83BB121AAD01}</UniqueIdentifier>
      <Extensions>rc;ico;cur;bmp;dlg;rc2;rct;bin;rgs;gif;jpg;jpeg;jpe;resx;tiff;tif;png;wav;mfcribbon-ms</Extensions>
    </Filter>
  </ItemGroup>
  <ItemGroup>
    <ClCompile Include="Source.cpp">
      <Filter>Source Files</Filter>
    </ClCompile>
    <ClCompile Include="Ships.cpp">
      <Filter>Source Files</Filter>
    </ClCompile>
    <ClCompile Include="Mouse_S.cpp">
      <Filter>Source Files</Filter>
    </ClCompile>
    <ClCompile Include="IrregularShip2.cpp">
      <Filter>Source Files</Filter>
    </ClCompile>
    <ClCompile Include="IrregularShip3.cpp">
      <Filter>Source Files</Filter>
    </ClCompile>
    <ClCompile Include="AI.cpp">
      <Filter>Source Files</Filter>
    </ClCompile>
    <ClCompile Include="Player.cpp">
      <Filter>Source Files</Filter>
    </ClCompile>
    <ClCompile Include="Ships_HP.cpp">
      <Filter>Source Files</Filter>
    </ClCompile>
    <ClCompile Include="TextureHandler.cpp">
      <Filter>Source Files</Filter>
    </ClCompile>
    <ClCompile Include="OptionButton.cpp">
      <Filter>Source Files</Filter>
    </ClCompile>
    <ClCompile Include="PushButton.cpp">
      <Filter>Source Files</Filter>
    </ClCompile>
    <ClCompile Include="SubMenu.cpp">
      <Filter>Source Files</Filter>
    </ClCompile>
    <ClCompile Include="FontHandler.cpp">
      <Filter>Source Files</Filter>
    </ClCompile>
    <ClCompile Include="Menu.cpp">
      <Filter>Source Files</Filter>
    </ClCompile>
    <ClCompile Include="AdditionalMenu.cpp">
      <Filter>Source Files</Filter>
    </ClCompile>
    <ClCompile Include="AdditionalSubMenu.cpp">
      <Filter>Source Files</Filter>
    </ClCompile>
    <ClCompile Include="Input.cpp">
      <Filter>Source Files</Filter>
    </ClCompile>
    <ClCompile Include="INI_Reader.cpp">
      <Filter>Source Files</Filter>
    </ClCompile>
    <ClCompile Include="OptionsSubMenu.cpp">
      <Filter>Source Files</Filter>
    </ClCompile>
    <ClCompile Include="OptionNameWithButton.cpp">
      <Filter>Source Files</Filter>
    </ClCompile>
    <ClCompile Include="GamePlayers.cpp">
      <Filter>Source Files</Filter>
    </ClCompile>
    <ClCompile Include="DestroyedShips.cpp">
      <Filter>Source Files</Filter>
    </ClCompile>
    <ClCompile Include="DestroyedShipsWithBackground.cpp">
      <Filter>Source Files</Filter>
    </ClCompile>
    <ClCompile Include="SetShipsAd.cpp">
      <Filter>Source Files</Filter>
    </ClCompile>
    <ClCompile Include="LanguageManager.cpp">
      <Filter>Source Files</Filter>
    </ClCompile>
    <ClCompile Include="GeneralOptions.cpp">
      <Filter>Source Files</Filter>
    </ClCompile>
    <ClCompile Include="GameTime.cpp">
      <Filter>Source Files</Filter>
    </ClCompile>
    <ClCompile Include="FinishStars.cpp">
      <Filter>Source Files</Filter>
    </ClCompile>
    <ClCompile Include="FinishMenu.cpp">
      <Filter>Source Files</Filter>
    </ClCompile>
    <ClCompile Include="FinishStarsWithText.cpp">
      <Filter>Source Files</Filter>
    </ClCompile>
    <ClCompile Include="StatisticsMenu.cpp">
      <Filter>Source Files</Filter>
    </ClCompile>
    <ClCompile Include="GraphicsOptions.cpp">
      <Filter>Source Files</Filter>
    </ClCompile>
    <ClCompile Include="RectangleWithTextAndFrames.cpp">
      <Filter>Source Files</Filter>
    </ClCompile>
    <ClCompile Include="RectangleWithText.cpp">
      <Filter>Source Files</Filter>
    </ClCompile>
    <ClCompile Include="MultipleTextFrame.cpp">
      <Filter>Source Files</Filter>
    </ClCompile>
    <ClCompile Include="GamePlayerVsAI.cpp">
      <Filter>Source Files</Filter>
    </ClCompile>
    <ClCompile Include="UtilityFunctions.cpp">
      <Filter>Source Files</Filter>
    </ClCompile>
    <ClCompile Include="SimpleLogger.cpp">
      <Filter>Source Files</Filter>
    </ClCompile>
    <ClCompile Include="SoundManager.cpp">
      <Filter>Source Files</Filter>
    </ClCompile>
    <ClCompile Include="MusicHandler.cpp">
      <Filter>Source Files</Filter>
    </ClCompile>
    <ClCompile Include="SoundOptions.cpp">
      <Filter>Source Files</Filter>
    </ClCompile>
    <ClCompile Include="stdafx.cpp">
      <Filter>Source Files</Filter>
    </ClCompile>
    <ClCompile Include="CreditsMenu.cpp">
      <Filter>Source Files</Filter>
    </ClCompile>
    <ClCompile Include="CenteredText.cpp">
      <Filter>Source Files</Filter>
    </ClCompile>
  </ItemGroup>
  <ItemGroup>
    <ClInclude Include="Ships.h">
      <Filter>Header Files</Filter>
    </ClInclude>
    <ClInclude Include="Board.h">
      <Filter>Header Files</Filter>
    </ClInclude>
    <ClInclude Include="Mouse_S.h">
      <Filter>Header Files</Filter>
    </ClInclude>
    <ClInclude Include="IrregularShip2.h">
      <Filter>Header Files</Filter>
    </ClInclude>
    <ClInclude Include="IrregularShip3.h">
      <Filter>Header Files</Filter>
    </ClInclude>
    <ClInclude Include="AI.h">
      <Filter>Header Files</Filter>
    </ClInclude>
    <ClInclude Include="Player.h">
      <Filter>Header Files</Filter>
    </ClInclude>
    <ClInclude Include="Ships_HP.h">
      <Filter>Header Files</Filter>
    </ClInclude>
    <ClInclude Include="DVector2i.h">
      <Filter>Header Files</Filter>
    </ClInclude>
    <ClInclude Include="TextureHandler.h">
      <Filter>Header Files</Filter>
    </ClInclude>
    <ClInclude Include="OptionButton.h">
      <Filter>Header Files</Filter>
    </ClInclude>
    <ClInclude Include="PushButton.h">
      <Filter>Header Files</Filter>
    </ClInclude>
    <ClInclude Include="SubMenu.h">
      <Filter>Header Files</Filter>
    </ClInclude>
    <ClInclude Include="FontHandler.h">
      <Filter>Header Files</Filter>
    </ClInclude>
    <ClInclude Include="Menu.h">
      <Filter>Header Files</Filter>
    </ClInclude>
    <ClInclude Include="enumAdditionalVisualInformation.h">
      <Filter>Header Files</Filter>
    </ClInclude>
    <ClInclude Include="enumLevelsDifficulty.h">
      <Filter>Header Files</Filter>
    </ClInclude>
    <ClInclude Include="AdditionalMenu.h">
      <Filter>Header Files</Filter>
    </ClInclude>
    <ClInclude Include="AdditionalSubMenu.h">
      <Filter>Header Files</Filter>
    </ClInclude>
    <ClInclude Include="Input.h">
      <Filter>Header Files</Filter>
    </ClInclude>
    <ClInclude Include="INI_Reader.h">
      <Filter>Header Files</Filter>
    </ClInclude>
    <ClInclude Include="OptionsSubMenu.h">
      <Filter>Header Files</Filter>
    </ClInclude>
    <ClInclude Include="OptionNameWithButton.h">
      <Filter>Header Files</Filter>
    </ClInclude>
    <ClInclude Include="enumMenustate.h">
      <Filter>Header Files</Filter>
    </ClInclude>
    <ClInclude Include="GamePlayers.h">
      <Filter>Header Files</Filter>
    </ClInclude>
    <ClInclude Include="DestroyedShips.h">
      <Filter>Header Files</Filter>
    </ClInclude>
    <ClInclude Include="DestroyedShipsWithBackground.h">
      <Filter>Header Files</Filter>
    </ClInclude>
    <ClInclude Include="SetShipsAd.h">
      <Filter>Header Files</Filter>
    </ClInclude>
    <ClInclude Include="LanguageManager.h">
      <Filter>Header Files</Filter>
    </ClInclude>
    <ClInclude Include="Translation.h">
      <Filter>Header Files</Filter>
    </ClInclude>
    <ClInclude Include="enumLanguagesCodes.h">
      <Filter>Header Files</Filter>
    </ClInclude>
    <ClInclude Include="GeneralOptions.h">
      <Filter>Header Files</Filter>
    </ClInclude>
    <ClInclude Include="GameTime.h">
      <Filter>Header Files</Filter>
    </ClInclude>
    <ClInclude Include="FinishStars.h">
      <Filter>Header Files</Filter>
    </ClInclude>
    <ClInclude Include="FinishMenu.h">
      <Filter>Header Files</Filter>
    </ClInclude>
    <ClInclude Include="FinishStarsWithText.h">
      <Filter>Header Files</Filter>
    </ClInclude>
    <ClInclude Include="playersInformations.h">
      <Filter>Header Files</Filter>
    </ClInclude>
    <ClInclude Include="StatisticsMenu.h">
      <Filter>Header Files</Filter>
    </ClInclude>
    <ClInclude Include="GraphicsOptions.h">
      <Filter>Header Files</Filter>
    </ClInclude>
    <ClInclude Include="RectangleWithText.h">
      <Filter>Header Files</Filter>
    </ClInclude>
    <ClInclude Include="RectangleWithTextAndFrames.h">
      <Filter>Header Files</Filter>
    </ClInclude>
    <ClInclude Include="MultipleTextFrame.h">
      <Filter>Header Files</Filter>
    </ClInclude>
    <ClInclude Include="GamePlayerVsAI.h">
      <Filter>Header Files</Filter>
    </ClInclude>
    <ClInclude Include="iniFileStructure.h">
      <Filter>Header Files</Filter>
    </ClInclude>
    <ClInclude Include="UtilityFunctions.h">
      <Filter>Header Files</Filter>
    </ClInclude>
    <ClInclude Include="SimpleLogger.h">
      <Filter>Header Files</Filter>
    </ClInclude>
    <ClInclude Include="enumGameState.h">
      <Filter>Header Files</Filter>
    </ClInclude>
    <ClInclude Include="SoundManager.h">
      <Filter>Header Files</Filter>
    </ClInclude>
    <ClInclude Include="enumSoundsNames.h">
      <Filter>Header Files</Filter>
    </ClInclude>
    <ClInclude Include="MusicHandler.h">
      <Filter>Header Files</Filter>
    </ClInclude>
    <ClInclude Include="SoundOptions.h">
      <Filter>Header Files</Filter>
    </ClInclude>
    <ClInclude Include="stdafx.h">
      <Filter>Header Files</Filter>
    </ClInclude>
    <ClInclude Include="CreditsMenu.h">
      <Filter>Header Files</Filter>
    </ClInclude>
    <ClInclude Include="CenteredText.h">
      <Filter>Header Files</Filter>
    </ClInclude>
  </ItemGroup>
</Project>